
Microsoft Visual Studio Solution File, Format Version 12.00
# Visual Studio Version 16
VisualStudioVersion = 16.0.30907.101
MinimumVisualStudioVersion = 10.0.40219.1
Project("{FAE04EC0-301F-11D3-BF4B-00C04F79EFBC}") = "LinkedList", "LinkedList\LinkedList.csproj", "{ACB15D5D-30C0-469D-8757-F08001DAC444}"
EndProject
Global
	GlobalSection(SolutionConfigurationPlatforms) = preSolution
		Debug|Any CPU = Debug|Any CPU
		Release|Any CPU = Release|Any CPU
	EndGlobalSection
	GlobalSection(ProjectConfigurationPlatforms) = postSolution
		{ACB15D5D-30C0-469D-8757-F08001DAC444}.Debug|Any CPU.ActiveCfg = Debug|Any CPU
		{ACB15D5D-30C0-469D-8757-F08001DAC444}.Debug|Any CPU.Build.0 = Debug|Any CPU
		{ACB15D5D-30C0-469D-8757-F08001DAC444}.Release|Any CPU.ActiveCfg = Release|Any CPU
		{ACB15D5D-30C0-469D-8757-F08001DAC444}.Release|Any CPU.Build.0 = Release|Any CPU
	EndGlobalSection
	GlobalSection(SolutionProperties) = preSolution
		HideSolutionNode = FALSE
	EndGlobalSection
	GlobalSection(ExtensibilityGlobals) = postSolution
		SolutionGuid = {CFFFF3FF-73AA-4EAE-9E8D-C7E7ACC2AC7A}
	EndGlobalSection
EndGlobal
