
Microsoft Visual Studio Solution File, Format Version 12.00
# Visual Studio Version 16
VisualStudioVersion = 16.0.30413.136
MinimumVisualStudioVersion = 10.0.40219.1
Project("{FAE04EC0-301F-11D3-BF4B-00C04F79EFBC}") = "Sherlock and Anagrams_", "Sherlock and Anagrams_\Sherlock and Anagrams_.csproj", "{87BAC528-48E9-469E-8A35-D19C58B81B08}"
EndProject
Global
	GlobalSection(SolutionConfigurationPlatforms) = preSolution
		Debug|Any CPU = Debug|Any CPU
		Release|Any CPU = Release|Any CPU
	EndGlobalSection
	GlobalSection(ProjectConfigurationPlatforms) = postSolution
		{87BAC528-48E9-469E-8A35-D19C58B81B08}.Debug|Any CPU.ActiveCfg = Debug|Any CPU
		{87BAC528-48E9-469E-8A35-D19C58B81B08}.Debug|Any CPU.Build.0 = Debug|Any CPU
		{87BAC528-48E9-469E-8A35-D19C58B81B08}.Release|Any CPU.ActiveCfg = Release|Any CPU
		{87BAC528-48E9-469E-8A35-D19C58B81B08}.Release|Any CPU.Build.0 = Release|Any CPU
	EndGlobalSection
	GlobalSection(SolutionProperties) = preSolution
		HideSolutionNode = FALSE
	EndGlobalSection
	GlobalSection(ExtensibilityGlobals) = postSolution
		SolutionGuid = {2D3C2E44-1CF7-4D08-83FE-006DE1761BB2}
	EndGlobalSection
EndGlobal
